# THIS IS AN AUTOGENERATED FILE. DO NOT EDIT THIS FILE DIRECTLY.
# yarn lockfile v1


live-server-https@^0.0.2:
  version "0.0.2"
  resolved "https://registry.nlark.com/live-server-https/download/live-server-https-0.0.2.tgz#98d4361b1af94021fc36423712fa8142e7fe8e6f"
  integrity sha1-mNQ2Gxr5QCH8NkI3EvqBQuf+jm8=
